
Microsoft Visual Studio Solution File, Format Version 12.00
# Visual Studio Version 17
VisualStudioVersion = 17.14.36429.23
MinimumVisualStudioVersion = 10.0.40219.1
Project("{2150E333-8FDC-42A3-9474-1A3956D46DE8}") = "Task0", "Task0", "{02EA681E-C7D8-13C7-8484-4AC65E1B71E8}"
EndProject
Project("{FAE04EC0-301F-11D3-BF4B-00C04F79EFBC}") = "Tyuiu.PisarevMA.Sprint0.Task0.V0", "Tyuiu.PisarevMA.Sprint0.Task0.V0\Tyuiu.PisarevMA.Sprint0.Task0.V0.csproj", "{09563CF8-20C9-418E-9758-A89C7251F9D0}"
EndProject
Project("{2150E333-8FDC-42A3-9474-1A3956D46DE8}") = "Task1", "Task1", "{BE0A894D-A356-4153-A881-9C5252FC8985}"
EndProject
Project("{FAE04EC0-301F-11D3-BF4B-00C04F79EFBC}") = "Tyuiu.PisarevMA.Sprint0.Task1.V0", "Tyuiu.PisarevMA.Sprint0.Task1.V0\Tyuiu.PisarevMA.Sprint0.Task1.V0.csproj", "{6D323AA8-7E1E-41CA-B47B-C855736102EF}"
EndProject
Project("{2150E333-8FDC-42A3-9474-1A3956D46DE8}") = "Task2", "Task2", "{DD1A1C95-9FB8-473F-BC63-F8370C1AEA8D}"
EndProject
Project("{FAE04EC0-301F-11D3-BF4B-00C04F79EFBC}") = "Tyuiu.PisarevMA.Sprint0.Task2.V0", "Tyuiu.PisarevMA.Sprint0.Task2.V0\Tyuiu.PisarevMA.Sprint0.Task2.V0.csproj", "{56CECF18-1AC0-4D4A-9E24-DB62174D4DE6}"
EndProject
Project("{FAE04EC0-301F-11D3-BF4B-00C04F79EFBC}") = "Tyuiu.PisarevMA.Sprint0.Task2.V0.Lib", "Tyuiu.PisarevMA.Sprint0.Task2.V0.Lib\Tyuiu.PisarevMA.Sprint0.Task2.V0.Lib.csproj", "{5E7D5C37-E401-4559-987B-8345FC374EE8}"
EndProject
Project("{FAE04EC0-301F-11D3-BF4B-00C04F79EFBC}") = "Tyuiu.PisarevMA.Sprint0.Task2.V0.Test", "Tyuiu.PisarevMA.Sprint0.Task2.V0.Test\Tyuiu.PisarevMA.Sprint0.Task2.V0.Test.csproj", "{E234F45C-CC89-4359-B02D-905B0801D285}"
EndProject
Project("{2150E333-8FDC-42A3-9474-1A3956D46DE8}") = "Task3", "Task3", "{4567AD91-ED75-4E0C-932E-70CD0AA3C342}"
EndProject
Project("{FAE04EC0-301F-11D3-BF4B-00C04F79EFBC}") = "Tyuiu.PisarevMA.Sprint0.Task3.V0", "Tyuiu.PisarevMA.Sprint0.Task3.V0\Tyuiu.PisarevMA.Sprint0.Task3.V0.csproj", "{EB262DC3-C3E8-4F18-A7A2-49752AE75140}"
EndProject
Project("{FAE04EC0-301F-11D3-BF4B-00C04F79EFBC}") = "Tyuiu.PisarevMA.Sprint0.Task3.V0.Lib", "Tyuiu.PisarevMA.Sprint0.Task3.V0.Lib\Tyuiu.PisarevMA.Sprint0.Task3.V0.Lib.csproj", "{36544248-C104-4023-A7A5-D13EA302E8E9}"
EndProject
Project("{FAE04EC0-301F-11D3-BF4B-00C04F79EFBC}") = "Tyuiu.PisarevMA.Sprint0.Task3.V0.Test", "Tyuiu.PisarevMA.Sprint0.Task3.V0.Test\Tyuiu.PisarevMA.Sprint0.Task3.V0.Test.csproj", "{F7269578-AFF2-4B3C-BAD3-3C1E3979826B}"
EndProject
Project("{2150E333-8FDC-42A3-9474-1A3956D46DE8}") = "Task4", "Task4", "{702C8999-0D98-4A46-828B-1FD27F6DFA75}"
EndProject
Project("{FAE04EC0-301F-11D3-BF4B-00C04F79EFBC}") = "Tyuiu.PisarevMA.Sprint0.Task4.V0", "Tyuiu.PisarevMA.Sprint0.Task4.V0\Tyuiu.PisarevMA.Sprint0.Task4.V0.csproj", "{2F6CB572-2EAA-489F-9EF8-4BA21850BBFB}"
EndProject
Project("{FAE04EC0-301F-11D3-BF4B-00C04F79EFBC}") = "Tyuiu.PisarevMA.Sprint0.Task4.V0.Lib", "Tyuiu.PisarevMA.Sprint0.Task4.V0.Lib\Tyuiu.PisarevMA.Sprint0.Task4.V0.Lib.csproj", "{995A7F72-F6F8-4B8F-B0B0-4599A97518F1}"
EndProject
Project("{FAE04EC0-301F-11D3-BF4B-00C04F79EFBC}") = "Tyuiu.PisarevMA.Sprint0.Task4.V0.Test", "Tyuiu.PisarevMA.Sprint0.Task4.V0.Test\Tyuiu.PisarevMA.Sprint0.Task4.V0.Test.csproj", "{E40B3DF3-5CE6-4D00-A70E-51718B84D11C}"
EndProject
Global
	GlobalSection(SolutionConfigurationPlatforms) = preSolution
		Debug|Any CPU = Debug|Any CPU
		Release|Any CPU = Release|Any CPU
	EndGlobalSection
	GlobalSection(ProjectConfigurationPlatforms) = postSolution
		{09563CF8-20C9-418E-9758-A89C7251F9D0}.Debug|Any CPU.ActiveCfg = Debug|Any CPU
		{09563CF8-20C9-418E-9758-A89C7251F9D0}.Debug|Any CPU.Build.0 = Debug|Any CPU
		{09563CF8-20C9-418E-9758-A89C7251F9D0}.Release|Any CPU.ActiveCfg = Release|Any CPU
		{09563CF8-20C9-418E-9758-A89C7251F9D0}.Release|Any CPU.Build.0 = Release|Any CPU
		{6D323AA8-7E1E-41CA-B47B-C855736102EF}.Debug|Any CPU.ActiveCfg = Debug|Any CPU
		{6D323AA8-7E1E-41CA-B47B-C855736102EF}.Debug|Any CPU.Build.0 = Debug|Any CPU
		{6D323AA8-7E1E-41CA-B47B-C855736102EF}.Release|Any CPU.ActiveCfg = Release|Any CPU
		{6D323AA8-7E1E-41CA-B47B-C855736102EF}.Release|Any CPU.Build.0 = Release|Any CPU
		{56CECF18-1AC0-4D4A-9E24-DB62174D4DE6}.Debug|Any CPU.ActiveCfg = Debug|Any CPU
		{56CECF18-1AC0-4D4A-9E24-DB62174D4DE6}.Debug|Any CPU.Build.0 = Debug|Any CPU
		{56CECF18-1AC0-4D4A-9E24-DB62174D4DE6}.Release|Any CPU.ActiveCfg = Release|Any CPU
		{56CECF18-1AC0-4D4A-9E24-DB62174D4DE6}.Release|Any CPU.Build.0 = Release|Any CPU
		{5E7D5C37-E401-4559-987B-8345FC374EE8}.Debug|Any CPU.ActiveCfg = Debug|Any CPU
		{5E7D5C37-E401-4559-987B-8345FC374EE8}.Debug|Any CPU.Build.0 = Debug|Any CPU
		{5E7D5C37-E401-4559-987B-8345FC374EE8}.Release|Any CPU.ActiveCfg = Release|Any CPU
		{5E7D5C37-E401-4559-987B-8345FC374EE8}.Release|Any CPU.Build.0 = Release|Any CPU
		{E234F45C-CC89-4359-B02D-905B0801D285}.Debug|Any CPU.ActiveCfg = Debug|Any CPU
		{E234F45C-CC89-4359-B02D-905B0801D285}.Debug|Any CPU.Build.0 = Debug|Any CPU
		{E234F45C-CC89-4359-B02D-905B0801D285}.Release|Any CPU.ActiveCfg = Release|Any CPU
		{E234F45C-CC89-4359-B02D-905B0801D285}.Release|Any CPU.Build.0 = Release|Any CPU
		{EB262DC3-C3E8-4F18-A7A2-49752AE75140}.Debug|Any CPU.ActiveCfg = Debug|Any CPU
		{EB262DC3-C3E8-4F18-A7A2-49752AE75140}.Debug|Any CPU.Build.0 = Debug|Any CPU
		{EB262DC3-C3E8-4F18-A7A2-49752AE75140}.Release|Any CPU.ActiveCfg = Release|Any CPU
		{EB262DC3-C3E8-4F18-A7A2-49752AE75140}.Release|Any CPU.Build.0 = Release|Any CPU
		{36544248-C104-4023-A7A5-D13EA302E8E9}.Debug|Any CPU.ActiveCfg = Debug|Any CPU
		{36544248-C104-4023-A7A5-D13EA302E8E9}.Debug|Any CPU.Build.0 = Debug|Any CPU
		{36544248-C104-4023-A7A5-D13EA302E8E9}.Release|Any CPU.ActiveCfg = Release|Any CPU
		{36544248-C104-4023-A7A5-D13EA302E8E9}.Release|Any CPU.Build.0 = Release|Any CPU
		{F7269578-AFF2-4B3C-BAD3-3C1E3979826B}.Debug|Any CPU.ActiveCfg = Debug|Any CPU
		{F7269578-AFF2-4B3C-BAD3-3C1E3979826B}.Debug|Any CPU.Build.0 = Debug|Any CPU
		{F7269578-AFF2-4B3C-BAD3-3C1E3979826B}.Release|Any CPU.ActiveCfg = Release|Any CPU
		{F7269578-AFF2-4B3C-BAD3-3C1E3979826B}.Release|Any CPU.Build.0 = Release|Any CPU
		{2F6CB572-2EAA-489F-9EF8-4BA21850BBFB}.Debug|Any CPU.ActiveCfg = Debug|Any CPU
		{2F6CB572-2EAA-489F-9EF8-4BA21850BBFB}.Debug|Any CPU.Build.0 = Debug|Any CPU
		{2F6CB572-2EAA-489F-9EF8-4BA21850BBFB}.Release|Any CPU.ActiveCfg = Release|Any CPU
		{2F6CB572-2EAA-489F-9EF8-4BA21850BBFB}.Release|Any CPU.Build.0 = Release|Any CPU
		{995A7F72-F6F8-4B8F-B0B0-4599A97518F1}.Debug|Any CPU.ActiveCfg = Debug|Any CPU
		{995A7F72-F6F8-4B8F-B0B0-4599A97518F1}.Debug|Any CPU.Build.0 = Debug|Any CPU
		{995A7F72-F6F8-4B8F-B0B0-4599A97518F1}.Release|Any CPU.ActiveCfg = Release|Any CPU
		{995A7F72-F6F8-4B8F-B0B0-4599A97518F1}.Release|Any CPU.Build.0 = Release|Any CPU
		{E40B3DF3-5CE6-4D00-A70E-51718B84D11C}.Debug|Any CPU.ActiveCfg = Debug|Any CPU
		{E40B3DF3-5CE6-4D00-A70E-51718B84D11C}.Debug|Any CPU.Build.0 = Debug|Any CPU
		{E40B3DF3-5CE6-4D00-A70E-51718B84D11C}.Release|Any CPU.ActiveCfg = Release|Any CPU
		{E40B3DF3-5CE6-4D00-A70E-51718B84D11C}.Release|Any CPU.Build.0 = Release|Any CPU
	EndGlobalSection
	GlobalSection(SolutionProperties) = preSolution
		HideSolutionNode = FALSE
	EndGlobalSection
	GlobalSection(NestedProjects) = preSolution
		{09563CF8-20C9-418E-9758-A89C7251F9D0} = {02EA681E-C7D8-13C7-8484-4AC65E1B71E8}
		{6D323AA8-7E1E-41CA-B47B-C855736102EF} = {BE0A894D-A356-4153-A881-9C5252FC8985}
		{56CECF18-1AC0-4D4A-9E24-DB62174D4DE6} = {DD1A1C95-9FB8-473F-BC63-F8370C1AEA8D}
		{5E7D5C37-E401-4559-987B-8345FC374EE8} = {DD1A1C95-9FB8-473F-BC63-F8370C1AEA8D}
		{E234F45C-CC89-4359-B02D-905B0801D285} = {DD1A1C95-9FB8-473F-BC63-F8370C1AEA8D}
		{EB262DC3-C3E8-4F18-A7A2-49752AE75140} = {4567AD91-ED75-4E0C-932E-70CD0AA3C342}
		{36544248-C104-4023-A7A5-D13EA302E8E9} = {4567AD91-ED75-4E0C-932E-70CD0AA3C342}
		{F7269578-AFF2-4B3C-BAD3-3C1E3979826B} = {4567AD91-ED75-4E0C-932E-70CD0AA3C342}
		{2F6CB572-2EAA-489F-9EF8-4BA21850BBFB} = {702C8999-0D98-4A46-828B-1FD27F6DFA75}
		{995A7F72-F6F8-4B8F-B0B0-4599A97518F1} = {702C8999-0D98-4A46-828B-1FD27F6DFA75}
		{E40B3DF3-5CE6-4D00-A70E-51718B84D11C} = {702C8999-0D98-4A46-828B-1FD27F6DFA75}
	EndGlobalSection
	GlobalSection(ExtensibilityGlobals) = postSolution
		SolutionGuid = {793B1A40-AB4E-4336-84C3-901949402DFA}
	EndGlobalSection
EndGlobal
